{
  "name": "vue-streams",
  "version": "1.0.0-beta.1",
  "lockfileVersion": 1,
  "requires": true,
  "dependencies": {
    "rxjs": {
      "version": "6.0.0-rc.0",
      "resolved": "https://registry.npmjs.org/rxjs/-/rxjs-6.0.0-rc.0.tgz",
      "integrity": "sha512-nQqUjqiyiD3OkPd4xlg4eDNG4k8UiarBhU9qr3xKncHYhn3REjC4fCAFlg862JEwg50vQImaI/bv8yzreAHzng==",
      "dev": true,
      "requires": {
        "tslib": "1.9.0"
      }
    },
    "rxjs-compat": {
      "version": "6.0.0-rc.0",
      "resolved": "https://registry.npmjs.org/rxjs-compat/-/rxjs-compat-6.0.0-rc.0.tgz",
      "integrity": "sha512-lAV+FowyKSE6i4n/kC7eKRojqBB7ilnjDuv5CS319drEuZ0DTySSNj+uRXuIgw1Yy6KCtl9ylz3NB3RrOWWklw==",
      "dev": true
    },
    "tslib": {
      "version": "1.9.0",
      "resolved": "https://registry.npmjs.org/tslib/-/tslib-1.9.0.tgz",
      "integrity": "sha512-f/qGG2tUkrISBlQZEjEqoZ3B2+npJjIf04H1wuAv9iA8i04Icp+61KRXxFdha22670NJopsZCIjhC3SnjPRKrQ==",
      "dev": true
    },
    "typescript": {
      "version": "2.8.1",
      "resolved": "https://registry.npmjs.org/typescript/-/typescript-2.8.1.tgz",
      "integrity": "sha512-Ao/f6d/4EPLq0YwzsQz8iXflezpTkQzqAyenTiw4kCUGr1uPiFLC3+fZ+gMZz6eeI/qdRUqvC+HxIJzUAzEFdg==",
      "dev": true
    },
    "vue": {
      "version": "2.5.16",
      "resolved": "https://registry.npmjs.org/vue/-/vue-2.5.16.tgz",
      "integrity": "sha512-/ffmsiVuPC8PsWcFkZngdpas19ABm5mh2wA7iDqcltyCTwlgZjHGeJYOXkBMo422iPwIcviOtrTCUpSfXmToLQ==",
      "dev": true
    }
  }
}
